# kas lock file for meta-aibaos
# Generated: 2026-03-12
# Use: kas build kas.yml:kas/lock.yml

header:
  version: 21

# Lockfile format: version 21
# Override commit IDs from kas.yml with exact commits

overrides:
  repos:
    # Yocto Project scarthgap branch
    poky:
      commit: 89e6c98d92887913cadf06b2adb97f26cde4849b  # scarthgap latest
    
    # OpenEmbedded scarthgap branch
    meta-openembedded:
      commit: f9f8f8e4f4f4f4f4f4f4f4f4f4f4f4f4f4f4f4f4  # placeholder - update with actual commit

# Note: Use `kas lock kas.yml` to generate accurate lockfile
# or run `kas update-lock kas.yml` to update existing lockfile
